
Microsoft Visual Studio Solution File, Format Version 12.00
Project("{2150E333-8FDC-42A3-9474-1A3956D46DE8}") = "Server", "Server", "{F2187E2B-58D6-458D-9DA4-87B6ABEE8F1C}"
EndProject
Project("{2150E333-8FDC-42A3-9474-1A3956D46DE8}") = "Client", "Client", "{3491C09C-8EBF-4208-88C8-A3DC4E818594}"
EndProject
Project("{FAE04EC0-301F-11D3-BF4B-00C04F79EFBC}") = "Core", "Core\Core.csproj", "{F29F49D6-8F94-46EE-8853-A217CEC70CC4}"
EndProject
Project("{FAE04EC0-301F-11D3-BF4B-00C04F79EFBC}") = "Business", "Business\Business.csproj", "{B7F7B6DC-056B-4C92-824E-B83E6A16AAE1}"
EndProject
Project("{FAE04EC0-301F-11D3-BF4B-00C04F79EFBC}") = "Entities", "Entities\Entities.csproj", "{9B1938A7-B60E-483A-A4C4-0B34A3EB3A8E}"
EndProject
Project("{FAE04EC0-301F-11D3-BF4B-00C04F79EFBC}") = "DataAccess", "DataAccess\DataAccess.csproj", "{206B2029-68D6-48E5-8AC2-9D92C2EB9879}"
EndProject
Project("{FAE04EC0-301F-11D3-BF4B-00C04F79EFBC}") = "Api", "Api\Api.csproj", "{E382EA9C-AC58-4D1C-AD32-92654313413A}"
EndProject
Global
	GlobalSection(SolutionConfigurationPlatforms) = preSolution
		Debug|Any CPU = Debug|Any CPU
		Release|Any CPU = Release|Any CPU
	EndGlobalSection
	GlobalSection(NestedProjects) = preSolution
		{F29F49D6-8F94-46EE-8853-A217CEC70CC4} = {F2187E2B-58D6-458D-9DA4-87B6ABEE8F1C}
		{B7F7B6DC-056B-4C92-824E-B83E6A16AAE1} = {F2187E2B-58D6-458D-9DA4-87B6ABEE8F1C}
		{9B1938A7-B60E-483A-A4C4-0B34A3EB3A8E} = {F2187E2B-58D6-458D-9DA4-87B6ABEE8F1C}
		{206B2029-68D6-48E5-8AC2-9D92C2EB9879} = {F2187E2B-58D6-458D-9DA4-87B6ABEE8F1C}
		{E382EA9C-AC58-4D1C-AD32-92654313413A} = {F2187E2B-58D6-458D-9DA4-87B6ABEE8F1C}
	EndGlobalSection
	GlobalSection(ProjectConfigurationPlatforms) = postSolution
		{F29F49D6-8F94-46EE-8853-A217CEC70CC4}.Debug|Any CPU.ActiveCfg = Debug|Any CPU
		{F29F49D6-8F94-46EE-8853-A217CEC70CC4}.Debug|Any CPU.Build.0 = Debug|Any CPU
		{F29F49D6-8F94-46EE-8853-A217CEC70CC4}.Release|Any CPU.ActiveCfg = Release|Any CPU
		{F29F49D6-8F94-46EE-8853-A217CEC70CC4}.Release|Any CPU.Build.0 = Release|Any CPU
		{B7F7B6DC-056B-4C92-824E-B83E6A16AAE1}.Debug|Any CPU.ActiveCfg = Debug|Any CPU
		{B7F7B6DC-056B-4C92-824E-B83E6A16AAE1}.Debug|Any CPU.Build.0 = Debug|Any CPU
		{B7F7B6DC-056B-4C92-824E-B83E6A16AAE1}.Release|Any CPU.ActiveCfg = Release|Any CPU
		{B7F7B6DC-056B-4C92-824E-B83E6A16AAE1}.Release|Any CPU.Build.0 = Release|Any CPU
		{9B1938A7-B60E-483A-A4C4-0B34A3EB3A8E}.Debug|Any CPU.ActiveCfg = Debug|Any CPU
		{9B1938A7-B60E-483A-A4C4-0B34A3EB3A8E}.Debug|Any CPU.Build.0 = Debug|Any CPU
		{9B1938A7-B60E-483A-A4C4-0B34A3EB3A8E}.Release|Any CPU.ActiveCfg = Release|Any CPU
		{9B1938A7-B60E-483A-A4C4-0B34A3EB3A8E}.Release|Any CPU.Build.0 = Release|Any CPU
		{206B2029-68D6-48E5-8AC2-9D92C2EB9879}.Debug|Any CPU.ActiveCfg = Debug|Any CPU
		{206B2029-68D6-48E5-8AC2-9D92C2EB9879}.Debug|Any CPU.Build.0 = Debug|Any CPU
		{206B2029-68D6-48E5-8AC2-9D92C2EB9879}.Release|Any CPU.ActiveCfg = Release|Any CPU
		{206B2029-68D6-48E5-8AC2-9D92C2EB9879}.Release|Any CPU.Build.0 = Release|Any CPU
		{E382EA9C-AC58-4D1C-AD32-92654313413A}.Debug|Any CPU.ActiveCfg = Debug|Any CPU
		{E382EA9C-AC58-4D1C-AD32-92654313413A}.Debug|Any CPU.Build.0 = Debug|Any CPU
		{E382EA9C-AC58-4D1C-AD32-92654313413A}.Release|Any CPU.ActiveCfg = Release|Any CPU
		{E382EA9C-AC58-4D1C-AD32-92654313413A}.Release|Any CPU.Build.0 = Release|Any CPU
	EndGlobalSection
EndGlobal
